
Microsoft Visual Studio Solution File, Format Version 12.00
# Visual Studio 15
VisualStudioVersion = 15.0.28307.421
MinimumVisualStudioVersion = 10.0.40219.1
Project("{FAE04EC0-301F-11D3-BF4B-00C04F79EFBC}") = "AdbTools", "AdbTools\AdbTools.csproj", "{430B3E4E-44F1-4247-99B8-7F5F867ED36D}"
EndProject
Global
	GlobalSection(SolutionConfigurationPlatforms) = preSolution
		Debug|Any CPU = Debug|Any CPU
		Release|Any CPU = Release|Any CPU
	EndGlobalSection
	GlobalSection(ProjectConfigurationPlatforms) = postSolution
		{430B3E4E-44F1-4247-99B8-7F5F867ED36D}.Debug|Any CPU.ActiveCfg = Debug|Any CPU
		{430B3E4E-44F1-4247-99B8-7F5F867ED36D}.Debug|Any CPU.Build.0 = Debug|Any CPU
		{430B3E4E-44F1-4247-99B8-7F5F867ED36D}.Release|Any CPU.ActiveCfg = Release|Any CPU
		{430B3E4E-44F1-4247-99B8-7F5F867ED36D}.Release|Any CPU.Build.0 = Release|Any CPU
	EndGlobalSection
	GlobalSection(SolutionProperties) = preSolution
		HideSolutionNode = FALSE
	EndGlobalSection
	GlobalSection(ExtensibilityGlobals) = postSolution
		SolutionGuid = {D4907216-FCFD-45D1-897A-D2351AE06055}
	EndGlobalSection
EndGlobal
